# THIS IS AN AUTOGENERATED FILE. DO NOT EDIT THIS FILE DIRECTLY.
# yarn lockfile v1


"@aws-cdk/aws-events@1.121.0":
  version "1.121.0"
  resolved "https://registry.yarnpkg.com/@aws-cdk/aws-events/-/aws-events-1.121.0.tgz#8f8da81867d59a917574fd8bca0c58a47c89a5d1"
  integrity sha512-ts8X9s0Y/kXAdE5dFluXdYDlm+5519dn87NsJ4YHc7/hngOmgnxzXWaMgaKpwT2jdizFKO0plD8r0UAzSqP8vA==
  dependencies:
    "@aws-cdk/aws-iam" "1.121.0"
    "@aws-cdk/core" "1.121.0"
    constructs "^3.3.69"

"@aws-cdk/aws-iam@1.121.0":
  version "1.121.0"
  resolved "https://registry.yarnpkg.com/@aws-cdk/aws-iam/-/aws-iam-1.121.0.tgz#a64d2e83a6cd854f338eb3436687621430cde3c1"
  integrity sha512-a5zxk0LATHAT8mlEF9ZahR3uJpCqgJRj0NHbAcKsN7N3XBVLwCeKjY6TYeJFZi4LLa96XkaLY99QCZym7r5gNQ==
  dependencies:
    "@aws-cdk/core" "1.121.0"
    "@aws-cdk/region-info" "1.121.0"
    constructs "^3.3.69"

"@aws-cdk/aws-kms@1.121.0":
  version "1.121.0"
  resolved "https://registry.yarnpkg.com/@aws-cdk/aws-kms/-/aws-kms-1.121.0.tgz#a27748bab618173a3b30d8158ce6ea84f7a529d6"
  integrity sha512-kqz0HeC6q2di9zDSpNAtpAw6XpQs0cQ9YYzygD9Rx8LCpzpuLABAE7CeRetA7Q7VMJ44sAAlV4OMtpeB6c7iEw==
  dependencies:
    "@aws-cdk/aws-iam" "1.121.0"
    "@aws-cdk/core" "1.121.0"
    "@aws-cdk/cx-api" "1.121.0"
    constructs "^3.3.69"

"@aws-cdk/aws-s3@^1.121.0":
  version "1.121.0"
  resolved "https://registry.yarnpkg.com/@aws-cdk/aws-s3/-/aws-s3-1.121.0.tgz#bea0363b8a41811ebb3cae53eb84e622bc54d5fe"
  integrity sha512-9yqLLYlPQQri5pgMi1lMREGlVO2JC5pOlJZzm4bE7ED2hrE1QnXEm9fWVNmXcTBZnporBwUjyFngmQ56Diwjdw==
  dependencies:
    "@aws-cdk/aws-events" "1.121.0"
    "@aws-cdk/aws-iam" "1.121.0"
    "@aws-cdk/aws-kms" "1.121.0"
    "@aws-cdk/core" "1.121.0"
    "@aws-cdk/cx-api" "1.121.0"
    constructs "^3.3.69"

"@aws-cdk/cloud-assembly-schema@1.121.0":
  version "1.121.0"
  resolved "https://registry.yarnpkg.com/@aws-cdk/cloud-assembly-schema/-/cloud-assembly-schema-1.121.0.tgz#98c89c2aa2420f5efb28b27b95d42c8287c63bce"
  integrity sha512-q0tcCUFNp/JBGMx4I1JxrtcPSr/ItenGkzSTdAezWApb0b5caAdPQCIAURZe4u7ZASRqdMTb20Lr3s3D7HK7OA==
  dependencies:
    jsonschema "^1.4.0"
    semver "^7.3.5"

"@aws-cdk/core@1.121.0", "@aws-cdk/core@^1.121.0":
  version "1.121.0"
  resolved "https://registry.yarnpkg.com/@aws-cdk/core/-/core-1.121.0.tgz#fdf35e8b84fde96330e27e2a0ff5583300cf1428"
  integrity sha512-TLtDj2t507pv3GrNyosJx24QoJD2NMuvRE8urxLOmoqjANHcl1f21B8kYpcNgH8QGKJDu53xCcVihmXIPPtMvA==
  dependencies:
    "@aws-cdk/cloud-assembly-schema" "1.121.0"
    "@aws-cdk/cx-api" "1.121.0"
    "@aws-cdk/region-info" "1.121.0"
    "@balena/dockerignore" "^1.0.2"
    constructs "^3.3.69"
    fs-extra "^9.1.0"
    ignore "^5.1.8"
    minimatch "^3.0.4"

"@aws-cdk/cx-api@1.121.0":
  version "1.121.0"
  resolved "https://registry.yarnpkg.com/@aws-cdk/cx-api/-/cx-api-1.121.0.tgz#af099f6f2c23be42b5f959e771842ec56d52bd4f"
  integrity sha512-qPI4xFF/tNY9SjBwbrLMcCShLiUm5JELGPkIKgjSAaeL8Hy/0o1zHwiSaAOS9VCVfg5JwvGSqgdZUt5qjxfx3A==
  dependencies:
    "@aws-cdk/cloud-assembly-schema" "1.121.0"
    semver "^7.3.5"

"@aws-cdk/region-info@1.121.0":
  version "1.121.0"
  resolved "https://registry.yarnpkg.com/@aws-cdk/region-info/-/region-info-1.121.0.tgz#97455e8b146a93a0bbde4145a36bfac81f1351cd"
  integrity sha512-yls/qfysAOhgrHseM7rtqV7eIffS9XNPOBv5xjfDTNvY/cpheDUMq6s47UIdTP5lYv1lJToYKGe7qTVxunpjPg==

"@balena/dockerignore@^1.0.2":
  version "1.0.2"
  resolved "https://registry.yarnpkg.com/@balena/dockerignore/-/dockerignore-1.0.2.tgz#9ffe4726915251e8eb69f44ef3547e0da2c03e0d"
  integrity sha512-wMue2Sy4GAVTk6Ic4tJVcnfdau+gx2EnG7S+uAEe+TWJFqE4YoWN4/H8MSLj4eYJKxGg26lZwboEniNiNwZQ6Q==

"@cspotcode/source-map-consumer@0.8.0":
  version "0.8.0"
  resolved "https://registry.yarnpkg.com/@cspotcode/source-map-consumer/-/source-map-consumer-0.8.0.tgz#33bf4b7b39c178821606f669bbc447a6a629786b"
  integrity sha512-41qniHzTU8yAGbCp04ohlmSrZf8bkf/iJsl3V0dRGsQN/5GFfx+LbCSsCpp2gqrqjTVg/K6O8ycoV35JIwAzAg==

"@cspotcode/source-map-support@0.6.1":
  version "0.6.1"
  resolved "https://registry.yarnpkg.com/@cspotcode/source-map-support/-/source-map-support-0.6.1.tgz#118511f316e2e87ee4294761868e254d3da47960"
  integrity sha512-DX3Z+T5dt1ockmPdobJS/FAsQPW4V4SrWEhD2iYQT2Cb2tQsiMnYxrcUH9By/Z3B+v0S5LMBkQtV/XOBbpLEOg==
  dependencies:
    "@cspotcode/source-map-consumer" "0.8.0"

"@tsconfig/node10@^1.0.7":
  version "1.0.8"
  resolved "https://registry.yarnpkg.com/@tsconfig/node10/-/node10-1.0.8.tgz#c1e4e80d6f964fbecb3359c43bd48b40f7cadad9"
  integrity sha512-6XFfSQmMgq0CFLY1MslA/CPUfhIL919M1rMsa5lP2P097N2Wd1sSX0tx1u4olM16fLNhtHZpRhedZJphNJqmZg==

"@tsconfig/node12@^1.0.7":
  version "1.0.9"
  resolved "https://registry.yarnpkg.com/@tsconfig/node12/-/node12-1.0.9.tgz#62c1f6dee2ebd9aead80dc3afa56810e58e1a04c"
  integrity sha512-/yBMcem+fbvhSREH+s14YJi18sp7J9jpuhYByADT2rypfajMZZN4WQ6zBGgBKp53NKmqI36wFYDb3yaMPurITw==

"@tsconfig/node14@^1.0.0":
  version "1.0.1"
  resolved "https://registry.yarnpkg.com/@tsconfig/node14/-/node14-1.0.1.tgz#95f2d167ffb9b8d2068b0b235302fafd4df711f2"
  integrity sha512-509r2+yARFfHHE7T6Puu2jjkoycftovhXRqW328PDXTVGKihlb1P8Z9mMZH04ebyajfRY7dedfGynlrFHJUQCg==

"@tsconfig/node16@^1.0.2":
  version "1.0.2"
  resolved "https://registry.yarnpkg.com/@tsconfig/node16/-/node16-1.0.2.tgz#423c77877d0569db20e1fc80885ac4118314010e"
  integrity sha512-eZxlbI8GZscaGS7kkc/trHTT5xgrjH3/1n2JDwusC9iahPKWMRvRjJSAN5mCXviuTGQ/lHnhvv8Q1YTpnfz9gA==

acorn-walk@^8.1.1:
  version "8.1.1"
  resolved "https://registry.yarnpkg.com/acorn-walk/-/acorn-walk-8.1.1.tgz#3ddab7f84e4a7e2313f6c414c5b7dac85f4e3ebc"
  integrity sha512-FbJdceMlPHEAWJOILDk1fXD8lnTlEIWFkqtfk+MvmL5q/qlHfN7GEHcsFZWt/Tea9jRNPWUZG4G976nqAAmU9w==

acorn@^8.4.1:
  version "8.4.1"
  resolved "https://registry.yarnpkg.com/acorn/-/acorn-8.4.1.tgz#56c36251fc7cabc7096adc18f05afe814321a28c"
  integrity sha512-asabaBSkEKosYKMITunzX177CXxQ4Q8BSSzMTKD+FefUhipQC70gfW5SiUDhYQ3vk8G+81HqQk7Fv9OXwwn9KA==

arg@^4.1.0:
  version "4.1.3"
  resolved "https://registry.yarnpkg.com/arg/-/arg-4.1.3.tgz#269fc7ad5b8e42cb63c896d5666017261c144089"
  integrity sha512-58S9QDqG0Xx27YwPSt9fJxivjYl432YCwfDMfZ+71RAqUrZef7LrKQZ3LHLOwCS4FLNBplP533Zx895SeOCHvA==

at-least-node@^1.0.0:
  version "1.0.0"
  resolved "https://registry.yarnpkg.com/at-least-node/-/at-least-node-1.0.0.tgz#602cd4b46e844ad4effc92a8011a3c46e0238dc2"
  integrity sha512-+q/t7Ekv1EDY2l6Gda6LLiX14rU9TV20Wa3ofeQmwPFZbOMo9DXrLbOjFaaclkXKWidIaopwAObQDqwWtGUjqg==

balanced-match@^1.0.0:
  version "1.0.2"
  resolved "https://registry.yarnpkg.com/balanced-match/-/balanced-match-1.0.2.tgz#e83e3a7e3f300b34cb9d87f615fa0cbf357690ee"
  integrity sha512-3oSeUO0TMV67hN1AmbXsK4yaqU7tjiHlbxRDZOpH0KW9+CeX4bRAaX0Anxt0tx2MrpRpWwQaPwIlISEJhYU5Pw==

brace-expansion@^1.1.7:
  version "1.1.11"
  resolved "https://registry.yarnpkg.com/brace-expansion/-/brace-expansion-1.1.11.tgz#3c7fcbf529d87226f3d2f52b966ff5271eb441dd"
  integrity sha512-iCuPHDFgrHX7H2vEI/5xpz07zSHB00TpugqhmYtVmMO6518mCuRMoOYFldEBl0g187ufozdaHgWKcYFb61qGiA==
  dependencies:
    balanced-match "^1.0.0"
    concat-map "0.0.1"

concat-map@0.0.1:
  version "0.0.1"
  resolved "https://registry.yarnpkg.com/concat-map/-/concat-map-0.0.1.tgz#d8a96bd77fd68df7793a73036a3ba0d5405d477b"
  integrity sha1-2Klr13/Wjfd5OnMDajug1UBdR3s=

constructs@^3.3.133, constructs@^3.3.69:
  version "3.3.141"
  resolved "https://registry.yarnpkg.com/constructs/-/constructs-3.3.141.tgz#0d348e1852cce44b2e3d1cb47bac537d200058dd"
  integrity sha512-oF/p2mwF4t2O88cChehKih1h3v6Ir3/8KeP/xtMi52p+hFOQL2jToll5ssLjN/6aemw9WuTzF2il9JcB4xaLCQ==

create-require@^1.1.0:
  version "1.1.1"
  resolved "https://registry.yarnpkg.com/create-require/-/create-require-1.1.1.tgz#c1d7e8f1e5f6cfc9ff65f9cd352d37348756c333"
  integrity sha512-dcKFX3jn0MpIaXjisoRvexIJVEKzaq7z2rZKxf+MSr9TkdmHmsU4m2lcLojrj/FHl8mk5VxMmYA+ftRkP/3oKQ==

diff@^4.0.1:
  version "4.0.2"
  resolved "https://registry.yarnpkg.com/diff/-/diff-4.0.2.tgz#60f3aecb89d5fae520c11aa19efc2bb982aade7d"
  integrity sha512-58lmxKSA4BNyLz+HHMUzlOEpg09FV+ev6ZMe3vJihgdxzgcwZ8VoEEPmALCZG9LmqfVoNMMKpttIYTVG6uDY7A==

fs-extra@^9.1.0:
  version "9.1.0"
  resolved "https://registry.yarnpkg.com/fs-extra/-/fs-extra-9.1.0.tgz#5954460c764a8da2094ba3554bf839e6b9a7c86d"
  integrity sha512-hcg3ZmepS30/7BSFqRvoo3DOMQu7IjqxO5nCDt+zM9XWjb33Wg7ziNT+Qvqbuc3+gWpzO02JubVyk2G4Zvo1OQ==
  dependencies:
    at-least-node "^1.0.0"
    graceful-fs "^4.2.0"
    jsonfile "^6.0.1"
    universalify "^2.0.0"

graceful-fs@^4.1.6, graceful-fs@^4.2.0:
  version "4.2.8"
  resolved "https://registry.yarnpkg.com/graceful-fs/-/graceful-fs-4.2.8.tgz#e412b8d33f5e006593cbd3cee6df9f2cebbe802a"
  integrity sha512-qkIilPUYcNhJpd33n0GBXTB1MMPp14TxEsEs0pTrsSVucApsYzW5V+Q8Qxhik6KU3evy+qkAAowTByymK0avdg==

ignore@^5.1.8:
  version "5.1.8"
  resolved "https://registry.yarnpkg.com/ignore/-/ignore-5.1.8.tgz#f150a8b50a34289b33e22f5889abd4d8016f0e57"
  integrity sha512-BMpfD7PpiETpBl/A6S498BaIJ6Y/ABT93ETbby2fP00v4EbvPBXWEoaR1UBPKs3iR53pJY7EtZk5KACI57i1Uw==

jsonfile@^6.0.1:
  version "6.1.0"
  resolved "https://registry.yarnpkg.com/jsonfile/-/jsonfile-6.1.0.tgz#bc55b2634793c679ec6403094eb13698a6ec0aae"
  integrity sha512-5dgndWOriYSm5cnYaJNhalLNDKOqFwyDB/rr1E9ZsGciGvKPs8R2xYGCacuf3z6K1YKDz182fd+fY3cn3pMqXQ==
  dependencies:
    universalify "^2.0.0"
  optionalDependencies:
    graceful-fs "^4.1.6"

jsonschema@^1.4.0:
  version "1.4.0"
  resolved "https://registry.yarnpkg.com/jsonschema/-/jsonschema-1.4.0.tgz#1afa34c4bc22190d8e42271ec17ac8b3404f87b2"
  integrity sha512-/YgW6pRMr6M7C+4o8kS+B/2myEpHCrxO4PEWnqJNBFMjn7EWXqlQ4tGwL6xTHeRplwuZmcAncdvfOad1nT2yMw==

lru-cache@^6.0.0:
  version "6.0.0"
  resolved "https://registry.yarnpkg.com/lru-cache/-/lru-cache-6.0.0.tgz#6d6fe6570ebd96aaf90fcad1dafa3b2566db3a94"
  integrity sha512-Jo6dJ04CmSjuznwJSS3pUeWmd/H0ffTlkXXgwZi+eq1UCmqQwCh+eLsYOYCwY991i2Fah4h1BEMCx4qThGbsiA==
  dependencies:
    yallist "^4.0.0"

make-error@^1.1.1:
  version "1.3.6"
  resolved "https://registry.yarnpkg.com/make-error/-/make-error-1.3.6.tgz#2eb2e37ea9b67c4891f684a1394799af484cf7a2"
  integrity sha512-s8UhlNe7vPKomQhC1qFelMokr/Sc3AgNbso3n74mVPA5LTZwkB9NlXf4XPamLxJE8h0gh73rM94xvwRT2CVInw==

minimatch@^3.0.4:
  version "3.0.4"
  resolved "https://registry.yarnpkg.com/minimatch/-/minimatch-3.0.4.tgz#5166e286457f03306064be5497e8dbb0c3d32083"
  integrity sha512-yJHVQEhyqPLUTgt9B83PXu6W3rx4MvvHvSUvToogpwoGDOUQ+yDrR0HRot+yOCdCO7u4hX3pWft6kWBBcqh0UA==
  dependencies:
    brace-expansion "^1.1.7"

semver@^7.3.5:
  version "7.3.5"
  resolved "https://registry.yarnpkg.com/semver/-/semver-7.3.5.tgz#0b621c879348d8998e4b0e4be94b3f12e6018ef7"
  integrity sha512-PoeGJYh8HK4BTO/a9Tf6ZG3veo/A7ZVsYrSA6J8ny9nb3B1VrpkuN+z9OE5wfE5p6H4LchYZsegiQgbJD94ZFQ==
  dependencies:
    lru-cache "^6.0.0"

ts-node@^10.2.1:
  version "10.2.1"
  resolved "https://registry.yarnpkg.com/ts-node/-/ts-node-10.2.1.tgz#4cc93bea0a7aba2179497e65bb08ddfc198b3ab5"
  integrity sha512-hCnyOyuGmD5wHleOQX6NIjJtYVIO8bPP8F2acWkB4W06wdlkgyvJtubO/I9NkI88hCFECbsEgoLc0VNkYmcSfw==
  dependencies:
    "@cspotcode/source-map-support" "0.6.1"
    "@tsconfig/node10" "^1.0.7"
    "@tsconfig/node12" "^1.0.7"
    "@tsconfig/node14" "^1.0.0"
    "@tsconfig/node16" "^1.0.2"
    acorn "^8.4.1"
    acorn-walk "^8.1.1"
    arg "^4.1.0"
    create-require "^1.1.0"
    diff "^4.0.1"
    make-error "^1.1.1"
    yn "3.1.1"

typescript@^4.3.5:
  version "4.4.2"
  resolved "https://registry.yarnpkg.com/typescript/-/typescript-4.4.2.tgz#6d618640d430e3569a1dfb44f7d7e600ced3ee86"
  integrity sha512-gzP+t5W4hdy4c+68bfcv0t400HVJMMd2+H9B7gae1nQlBzCqvrXX+6GL/b3GAgyTH966pzrZ70/fRjwAtZksSQ==

universalify@^2.0.0:
  version "2.0.0"
  resolved "https://registry.yarnpkg.com/universalify/-/universalify-2.0.0.tgz#75a4984efedc4b08975c5aeb73f530d02df25717"
  integrity sha512-hAZsKq7Yy11Zu1DE0OzWjw7nnLZmJZYTDZZyEFHZdUhV8FkH5MCfoU1XMaxXovpyW5nq5scPqq0ZDP9Zyl04oQ==

yallist@^4.0.0:
  version "4.0.0"
  resolved "https://registry.yarnpkg.com/yallist/-/yallist-4.0.0.tgz#9bb92790d9c0effec63be73519e11a35019a3a72"
  integrity sha512-3wdGidZyq5PB084XLES5TpOSRA3wjXAlIWMhum2kRcv/41Sn2emQ0dycQW4uZXLejwKvg6EsvbdlVL+FYEct7A==

yn@3.1.1:
  version "3.1.1"
  resolved "https://registry.yarnpkg.com/yn/-/yn-3.1.1.tgz#1e87401a09d767c1d5eab26a6e4c185182d2eb50"
  integrity sha512-Ux4ygGWsu2c7isFWe8Yu1YluJmqVhxqK2cLXNQA5AcC3QfbGNpM7fu0Y8b/z16pXLnFxZYvWhd3fhBY9DLmC6Q==
